
Microsoft Visual Studio Solution File, Format Version 12.00
Project("{FAE04EC0-301F-11D3-BF4B-00C04F79EFBC}") = "Task", "Task\Task.csproj", "{1E7993A7-76D8-4751-BAA7-F58241B1D367}"
EndProject
Project("{2150E333-8FDC-42A3-9474-1A3956D46DE8}") = "DZ_001", "DZ_001", "{48087125-D82A-4638-B3C8-A51D2E170B7E}"
EndProject
Global
	GlobalSection(SolutionConfigurationPlatforms) = preSolution
		Debug|Any CPU = Debug|Any CPU
		Release|Any CPU = Release|Any CPU
	EndGlobalSection
	GlobalSection(ProjectConfigurationPlatforms) = postSolution
		{1E7993A7-76D8-4751-BAA7-F58241B1D367}.Debug|Any CPU.ActiveCfg = Debug|Any CPU
		{1E7993A7-76D8-4751-BAA7-F58241B1D367}.Debug|Any CPU.Build.0 = Debug|Any CPU
		{1E7993A7-76D8-4751-BAA7-F58241B1D367}.Release|Any CPU.ActiveCfg = Release|Any CPU
		{1E7993A7-76D8-4751-BAA7-F58241B1D367}.Release|Any CPU.Build.0 = Release|Any CPU
	EndGlobalSection
	GlobalSection(NestedProjects) = preSolution
		{1E7993A7-76D8-4751-BAA7-F58241B1D367} = {48087125-D82A-4638-B3C8-A51D2E170B7E}
	EndGlobalSection
EndGlobal
